
Microsoft Visual Studio Solution File, Format Version 12.00
# Visual Studio Version 16
VisualStudioVersion = 16.0.30413.136
MinimumVisualStudioVersion = 10.0.40219.1
Project("{FAE04EC0-301F-11D3-BF4B-00C04F79EFBC}") = "WindowsFormsApp3", "WindowsFormsApp3.csproj", "{8F5EAD6E-0710-4856-BDAF-804F30790A98}"
EndProject
Global
	GlobalSection(SolutionConfigurationPlatforms) = preSolution
		Debug|Any CPU = Debug|Any CPU
		Release|Any CPU = Release|Any CPU
	EndGlobalSection
	GlobalSection(ProjectConfigurationPlatforms) = postSolution
		{8F5EAD6E-0710-4856-BDAF-804F30790A98}.Debug|Any CPU.ActiveCfg = Debug|Any CPU
		{8F5EAD6E-0710-4856-BDAF-804F30790A98}.Debug|Any CPU.Build.0 = Debug|Any CPU
		{8F5EAD6E-0710-4856-BDAF-804F30790A98}.Release|Any CPU.ActiveCfg = Release|Any CPU
		{8F5EAD6E-0710-4856-BDAF-804F30790A98}.Release|Any CPU.Build.0 = Release|Any CPU
	EndGlobalSection
	GlobalSection(SolutionProperties) = preSolution
		HideSolutionNode = FALSE
	EndGlobalSection
	GlobalSection(ExtensibilityGlobals) = postSolution
		SolutionGuid = {13D2FD1D-9435-4EE6-B309-F7C92A440534}
	EndGlobalSection
EndGlobal
